{
  "name": "omdbapp",
  "version": "0.1.0",
  "lockfileVersion": 1,
  "requires": true,
  "dependencies": {
    "@rails/actioncable": {
      "version": "6.1.3"
    },
    "@rails/activestorage": {
      "version": "6.1.3",
      "requires": {
        "spark-md5": "^3.0.0"
      }
    },
    "@rails/ujs": {
      "version": "6.1.3"
    },
    "n": {
      "version": "7.2.1",
      "resolved": "https://registry.npmjs.org/n/-/n-7.2.1.tgz",
      "integrity": "sha512-y56FSi1LBo22wFeH6XJ6W6Xud2UkCUHcI1molN0bWVXKfhgfW71zgtz/3POHSSUie3dAtMmWgHUVIFmeNw7PwA=="
    },
    "spark-md5": {
      "version": "3.0.1",
      "resolved": "https://registry.npmjs.org/spark-md5/-/spark-md5-3.0.1.tgz",
      "integrity": "sha512-0tF3AGSD1ppQeuffsLDIOWlKUd3lS92tFxcsrh5Pe3ZphhnoK+oXIBTzOAThZCiuINZLvpiLH/1VS1/ANEJVig=="
    },
    "turbolinks": {
      "version": "5.2.0"
    }
  }
}
